
Microsoft Visual Studio Solution File, Format Version 12.00
# Visual Studio Version 17
VisualStudioVersion = 17.8.34322.80
MinimumVisualStudioVersion = 10.0.40219.1
Project("{2150E333-8FDC-42A3-9474-1A3956D46DE8}") = "LoadBalancing", "LoadBalancing", "{E4B2C10A-B476-4256-A316-9AF75ED14486}"
EndProject
Project("{9A19103F-16F7-4668-BE54-9A1E7A4F7556}") = "RabbitMq.LoadBalancing.Reciver", "LoadBlancing\RabbitMq.LoadBalancing.Reciver\RabbitMq.LoadBalancing.Reciver.csproj", "{070ED9D4-EA7B-48FD-9810-37E2E675FC1D}"
EndProject
Project("{9A19103F-16F7-4668-BE54-9A1E7A4F7556}") = "RabbitMq.LoadBalancing.Sender", "LoadBlancing\RabbitMq.LoadBalancing.Sender\RabbitMq.LoadBalancing.Sender.csproj", "{F580CA2B-6D48-4F3B-B72A-2672348590D2}"
EndProject
Project("{2150E333-8FDC-42A3-9474-1A3956D46DE8}") = "RabbitMQSample", "RabbitMQSample", "{C095D14F-4CFF-4EC8-B1B3-917B4D90826D}"
EndProject
Project("{9A19103F-16F7-4668-BE54-9A1E7A4F7556}") = "RabbitMQ.Reciver", "RabbitMQSample\RabbitMQ.Reciver\RabbitMQ.Reciver.csproj", "{53B7485A-701E-4FE8-86AF-7433F16D6E03}"
EndProject
Project("{9A19103F-16F7-4668-BE54-9A1E7A4F7556}") = "RabbitMQ.Sender", "RabbitMQSample\RabbitMQ.Sender\RabbitMQ.Sender.csproj", "{0517C939-78D4-451D-A22C-FDC0AC9E772D}"
EndProject
Project("{2150E333-8FDC-42A3-9474-1A3956D46DE8}") = "DirectRouting", "DirectRouting", "{999EA972-1742-45C8-B55A-76DAA42B78CB}"
EndProject
Project("{9A19103F-16F7-4668-BE54-9A1E7A4F7556}") = "DirectRouting.Sender", "DirectRouting\DirectRouting.Sender\DirectRouting.Sender.csproj", "{C47EBB81-294F-49E7-AB0A-B3431CD6CEAE}"
EndProject
Project("{9A19103F-16F7-4668-BE54-9A1E7A4F7556}") = "DirectRouting.Reciver.Email", "DirectRouting\DirectRouting.Reciver.Email\DirectRouting.Reciver.Email.csproj", "{0CD19AF6-716A-4D9E-9755-83EC25A6F723}"
EndProject
Project("{FAE04EC0-301F-11D3-BF4B-00C04F79EFBC}") = "DirectRouting.Reciver.Sms", "DirectRouting\DirectRouting.Reciver.Sms\DirectRouting.Reciver.Sms.csproj", "{CBCA745E-5B22-49AA-9396-10252B4E92A4}"
EndProject
Project("{FAE04EC0-301F-11D3-BF4B-00C04F79EFBC}") = "DirectRouting.Reciver.Logger", "DirectRouting\DirectRouting.Reciver.Logger\DirectRouting.Reciver.Logger.csproj", "{EF30BE1D-1D24-4032-80D4-F850B2EE04A2}"
EndProject
Project("{2150E333-8FDC-42A3-9474-1A3956D46DE8}") = "TopicRouting", "TopicRouting", "{03ED6CA9-C1BB-4E8C-941D-6529462DEDD5}"
EndProject
Project("{FAE04EC0-301F-11D3-BF4B-00C04F79EFBC}") = "TopicRouting.Sender", "TopicRouting\TopicRouting.Sender\TopicRouting.Sender.csproj", "{3B440A6D-E6F4-419B-BE37-0CEA6AAFC096}"
EndProject
Project("{FAE04EC0-301F-11D3-BF4B-00C04F79EFBC}") = "TopicRouting.Reciver.Email", "TopicRouting\TopicRouting.Reciver.Email\TopicRouting.Reciver.Email.csproj", "{76607238-5ED2-41B9-83F0-B5462D2C5F9B}"
EndProject
Project("{2150E333-8FDC-42A3-9474-1A3956D46DE8}") = "Pub-Sub", "Pub-Sub", "{04F59709-952C-46FB-9720-2DCFD7F6BE8E}"
EndProject
Project("{9A19103F-16F7-4668-BE54-9A1E7A4F7556}") = "TopicRouting.Reciver.Logger", "TopicRouting\TopicRouting.Reciver.Logger\TopicRouting.Reciver.Logger.csproj", "{E2497397-9AFB-4A3B-81D5-02EC2F1CE3ED}"
EndProject
Project("{9A19103F-16F7-4668-BE54-9A1E7A4F7556}") = "TopicRouting.Reciver.Sms", "TopicRouting\TopicRouting.Reciver.Sms\TopicRouting.Reciver.Sms.csproj", "{FF7721B6-A958-4F21-AD01-018AC9A7B755}"
EndProject
Project("{9A19103F-16F7-4668-BE54-9A1E7A4F7556}") = "PubSub.Reciver.Console", "PubSub\PubSub.Reciver.Console\PubSub.Reciver.Console.csproj", "{C4D10685-FD40-4383-AE81-8BB206C9EBF6}"
EndProject
Project("{9A19103F-16F7-4668-BE54-9A1E7A4F7556}") = "PubSub.Reciver.Logger", "PubSub\PubSub.Reciver.Logger\PubSub.Reciver.Logger.csproj", "{712A73B0-2A3F-48A3-A6B5-C81F5FCA2570}"
EndProject
Project("{9A19103F-16F7-4668-BE54-9A1E7A4F7556}") = "PubSub.Sender", "PubSub\PubSub.Sender\PubSub.Sender.csproj", "{121BC660-7781-41D3-A3FA-240751BBD876}"
EndProject
Global
	GlobalSection(SolutionConfigurationPlatforms) = preSolution
		Debug|Any CPU = Debug|Any CPU
		Release|Any CPU = Release|Any CPU
	EndGlobalSection
	GlobalSection(ProjectConfigurationPlatforms) = postSolution
		{070ED9D4-EA7B-48FD-9810-37E2E675FC1D}.Debug|Any CPU.ActiveCfg = Debug|Any CPU
		{070ED9D4-EA7B-48FD-9810-37E2E675FC1D}.Debug|Any CPU.Build.0 = Debug|Any CPU
		{070ED9D4-EA7B-48FD-9810-37E2E675FC1D}.Release|Any CPU.ActiveCfg = Release|Any CPU
		{070ED9D4-EA7B-48FD-9810-37E2E675FC1D}.Release|Any CPU.Build.0 = Release|Any CPU
		{F580CA2B-6D48-4F3B-B72A-2672348590D2}.Debug|Any CPU.ActiveCfg = Debug|Any CPU
		{F580CA2B-6D48-4F3B-B72A-2672348590D2}.Debug|Any CPU.Build.0 = Debug|Any CPU
		{F580CA2B-6D48-4F3B-B72A-2672348590D2}.Release|Any CPU.ActiveCfg = Release|Any CPU
		{F580CA2B-6D48-4F3B-B72A-2672348590D2}.Release|Any CPU.Build.0 = Release|Any CPU
		{53B7485A-701E-4FE8-86AF-7433F16D6E03}.Debug|Any CPU.ActiveCfg = Debug|Any CPU
		{53B7485A-701E-4FE8-86AF-7433F16D6E03}.Debug|Any CPU.Build.0 = Debug|Any CPU
		{53B7485A-701E-4FE8-86AF-7433F16D6E03}.Release|Any CPU.ActiveCfg = Release|Any CPU
		{53B7485A-701E-4FE8-86AF-7433F16D6E03}.Release|Any CPU.Build.0 = Release|Any CPU
		{0517C939-78D4-451D-A22C-FDC0AC9E772D}.Debug|Any CPU.ActiveCfg = Debug|Any CPU
		{0517C939-78D4-451D-A22C-FDC0AC9E772D}.Debug|Any CPU.Build.0 = Debug|Any CPU
		{0517C939-78D4-451D-A22C-FDC0AC9E772D}.Release|Any CPU.ActiveCfg = Release|Any CPU
		{0517C939-78D4-451D-A22C-FDC0AC9E772D}.Release|Any CPU.Build.0 = Release|Any CPU
		{C47EBB81-294F-49E7-AB0A-B3431CD6CEAE}.Debug|Any CPU.ActiveCfg = Debug|Any CPU
		{C47EBB81-294F-49E7-AB0A-B3431CD6CEAE}.Debug|Any CPU.Build.0 = Debug|Any CPU
		{C47EBB81-294F-49E7-AB0A-B3431CD6CEAE}.Release|Any CPU.ActiveCfg = Release|Any CPU
		{C47EBB81-294F-49E7-AB0A-B3431CD6CEAE}.Release|Any CPU.Build.0 = Release|Any CPU
		{0CD19AF6-716A-4D9E-9755-83EC25A6F723}.Debug|Any CPU.ActiveCfg = Debug|Any CPU
		{0CD19AF6-716A-4D9E-9755-83EC25A6F723}.Debug|Any CPU.Build.0 = Debug|Any CPU
		{0CD19AF6-716A-4D9E-9755-83EC25A6F723}.Release|Any CPU.ActiveCfg = Release|Any CPU
		{0CD19AF6-716A-4D9E-9755-83EC25A6F723}.Release|Any CPU.Build.0 = Release|Any CPU
		{CBCA745E-5B22-49AA-9396-10252B4E92A4}.Debug|Any CPU.ActiveCfg = Debug|Any CPU
		{CBCA745E-5B22-49AA-9396-10252B4E92A4}.Debug|Any CPU.Build.0 = Debug|Any CPU
		{CBCA745E-5B22-49AA-9396-10252B4E92A4}.Release|Any CPU.ActiveCfg = Release|Any CPU
		{CBCA745E-5B22-49AA-9396-10252B4E92A4}.Release|Any CPU.Build.0 = Release|Any CPU
		{EF30BE1D-1D24-4032-80D4-F850B2EE04A2}.Debug|Any CPU.ActiveCfg = Debug|Any CPU
		{EF30BE1D-1D24-4032-80D4-F850B2EE04A2}.Debug|Any CPU.Build.0 = Debug|Any CPU
		{EF30BE1D-1D24-4032-80D4-F850B2EE04A2}.Release|Any CPU.ActiveCfg = Release|Any CPU
		{EF30BE1D-1D24-4032-80D4-F850B2EE04A2}.Release|Any CPU.Build.0 = Release|Any CPU
		{3B440A6D-E6F4-419B-BE37-0CEA6AAFC096}.Debug|Any CPU.ActiveCfg = Debug|Any CPU
		{3B440A6D-E6F4-419B-BE37-0CEA6AAFC096}.Debug|Any CPU.Build.0 = Debug|Any CPU
		{3B440A6D-E6F4-419B-BE37-0CEA6AAFC096}.Release|Any CPU.ActiveCfg = Release|Any CPU
		{3B440A6D-E6F4-419B-BE37-0CEA6AAFC096}.Release|Any CPU.Build.0 = Release|Any CPU
		{76607238-5ED2-41B9-83F0-B5462D2C5F9B}.Debug|Any CPU.ActiveCfg = Debug|Any CPU
		{76607238-5ED2-41B9-83F0-B5462D2C5F9B}.Debug|Any CPU.Build.0 = Debug|Any CPU
		{76607238-5ED2-41B9-83F0-B5462D2C5F9B}.Release|Any CPU.ActiveCfg = Release|Any CPU
		{76607238-5ED2-41B9-83F0-B5462D2C5F9B}.Release|Any CPU.Build.0 = Release|Any CPU
		{E2497397-9AFB-4A3B-81D5-02EC2F1CE3ED}.Debug|Any CPU.ActiveCfg = Debug|Any CPU
		{E2497397-9AFB-4A3B-81D5-02EC2F1CE3ED}.Debug|Any CPU.Build.0 = Debug|Any CPU
		{E2497397-9AFB-4A3B-81D5-02EC2F1CE3ED}.Release|Any CPU.ActiveCfg = Release|Any CPU
		{E2497397-9AFB-4A3B-81D5-02EC2F1CE3ED}.Release|Any CPU.Build.0 = Release|Any CPU
		{FF7721B6-A958-4F21-AD01-018AC9A7B755}.Debug|Any CPU.ActiveCfg = Debug|Any CPU
		{FF7721B6-A958-4F21-AD01-018AC9A7B755}.Debug|Any CPU.Build.0 = Debug|Any CPU
		{FF7721B6-A958-4F21-AD01-018AC9A7B755}.Release|Any CPU.ActiveCfg = Release|Any CPU
		{FF7721B6-A958-4F21-AD01-018AC9A7B755}.Release|Any CPU.Build.0 = Release|Any CPU
		{C4D10685-FD40-4383-AE81-8BB206C9EBF6}.Debug|Any CPU.ActiveCfg = Debug|Any CPU
		{C4D10685-FD40-4383-AE81-8BB206C9EBF6}.Debug|Any CPU.Build.0 = Debug|Any CPU
		{C4D10685-FD40-4383-AE81-8BB206C9EBF6}.Release|Any CPU.ActiveCfg = Release|Any CPU
		{C4D10685-FD40-4383-AE81-8BB206C9EBF6}.Release|Any CPU.Build.0 = Release|Any CPU
		{712A73B0-2A3F-48A3-A6B5-C81F5FCA2570}.Debug|Any CPU.ActiveCfg = Debug|Any CPU
		{712A73B0-2A3F-48A3-A6B5-C81F5FCA2570}.Debug|Any CPU.Build.0 = Debug|Any CPU
		{712A73B0-2A3F-48A3-A6B5-C81F5FCA2570}.Release|Any CPU.ActiveCfg = Release|Any CPU
		{712A73B0-2A3F-48A3-A6B5-C81F5FCA2570}.Release|Any CPU.Build.0 = Release|Any CPU
		{121BC660-7781-41D3-A3FA-240751BBD876}.Debug|Any CPU.ActiveCfg = Debug|Any CPU
		{121BC660-7781-41D3-A3FA-240751BBD876}.Debug|Any CPU.Build.0 = Debug|Any CPU
		{121BC660-7781-41D3-A3FA-240751BBD876}.Release|Any CPU.ActiveCfg = Release|Any CPU
		{121BC660-7781-41D3-A3FA-240751BBD876}.Release|Any CPU.Build.0 = Release|Any CPU
	EndGlobalSection
	GlobalSection(SolutionProperties) = preSolution
		HideSolutionNode = FALSE
	EndGlobalSection
	GlobalSection(NestedProjects) = preSolution
		{070ED9D4-EA7B-48FD-9810-37E2E675FC1D} = {E4B2C10A-B476-4256-A316-9AF75ED14486}
		{F580CA2B-6D48-4F3B-B72A-2672348590D2} = {E4B2C10A-B476-4256-A316-9AF75ED14486}
		{53B7485A-701E-4FE8-86AF-7433F16D6E03} = {C095D14F-4CFF-4EC8-B1B3-917B4D90826D}
		{0517C939-78D4-451D-A22C-FDC0AC9E772D} = {C095D14F-4CFF-4EC8-B1B3-917B4D90826D}
		{C47EBB81-294F-49E7-AB0A-B3431CD6CEAE} = {999EA972-1742-45C8-B55A-76DAA42B78CB}
		{0CD19AF6-716A-4D9E-9755-83EC25A6F723} = {999EA972-1742-45C8-B55A-76DAA42B78CB}
		{CBCA745E-5B22-49AA-9396-10252B4E92A4} = {999EA972-1742-45C8-B55A-76DAA42B78CB}
		{EF30BE1D-1D24-4032-80D4-F850B2EE04A2} = {999EA972-1742-45C8-B55A-76DAA42B78CB}
		{3B440A6D-E6F4-419B-BE37-0CEA6AAFC096} = {03ED6CA9-C1BB-4E8C-941D-6529462DEDD5}
		{76607238-5ED2-41B9-83F0-B5462D2C5F9B} = {03ED6CA9-C1BB-4E8C-941D-6529462DEDD5}
		{E2497397-9AFB-4A3B-81D5-02EC2F1CE3ED} = {03ED6CA9-C1BB-4E8C-941D-6529462DEDD5}
		{FF7721B6-A958-4F21-AD01-018AC9A7B755} = {03ED6CA9-C1BB-4E8C-941D-6529462DEDD5}
		{C4D10685-FD40-4383-AE81-8BB206C9EBF6} = {04F59709-952C-46FB-9720-2DCFD7F6BE8E}
		{712A73B0-2A3F-48A3-A6B5-C81F5FCA2570} = {04F59709-952C-46FB-9720-2DCFD7F6BE8E}
		{121BC660-7781-41D3-A3FA-240751BBD876} = {04F59709-952C-46FB-9720-2DCFD7F6BE8E}
	EndGlobalSection
	GlobalSection(ExtensibilityGlobals) = postSolution
		SolutionGuid = {6CA37AB8-40D7-42EE-BE23-34CF1D29DF7B}
	EndGlobalSection
EndGlobal
